
Microsoft Visual Studio Solution File, Format Version 12.00
# Visual Studio Version 16
VisualStudioVersion = 16.0.30011.22
MinimumVisualStudioVersion = 10.0.40219.1
Project("{9A19103F-16F7-4668-BE54-9A1E7A4F7556}") = "AuthServer", "AuthServer\AuthServer.csproj", "{8B8412A1-C08D-4A9A-81A3-59FF35D2ADBB}"
EndProject
Project("{9A19103F-16F7-4668-BE54-9A1E7A4F7556}") = "AuthServer.Tests", "AuthServer.Tests\AuthServer.Tests.csproj", "{B3B6977C-4A12-414F-B79F-93ED265F8C0E}"
EndProject
Global
	GlobalSection(SolutionConfigurationPlatforms) = preSolution
		Debug|Any CPU = Debug|Any CPU
		Release|Any CPU = Release|Any CPU
	EndGlobalSection
	GlobalSection(ProjectConfigurationPlatforms) = postSolution
		{8B8412A1-C08D-4A9A-81A3-59FF35D2ADBB}.Debug|Any CPU.ActiveCfg = Debug|Any CPU
		{8B8412A1-C08D-4A9A-81A3-59FF35D2ADBB}.Debug|Any CPU.Build.0 = Debug|Any CPU
		{8B8412A1-C08D-4A9A-81A3-59FF35D2ADBB}.Release|Any CPU.ActiveCfg = Release|Any CPU
		{8B8412A1-C08D-4A9A-81A3-59FF35D2ADBB}.Release|Any CPU.Build.0 = Release|Any CPU
		{B3B6977C-4A12-414F-B79F-93ED265F8C0E}.Debug|Any CPU.ActiveCfg = Debug|Any CPU
		{B3B6977C-4A12-414F-B79F-93ED265F8C0E}.Debug|Any CPU.Build.0 = Debug|Any CPU
		{B3B6977C-4A12-414F-B79F-93ED265F8C0E}.Release|Any CPU.ActiveCfg = Release|Any CPU
		{B3B6977C-4A12-414F-B79F-93ED265F8C0E}.Release|Any CPU.Build.0 = Release|Any CPU
	EndGlobalSection
	GlobalSection(SolutionProperties) = preSolution
		HideSolutionNode = FALSE
	EndGlobalSection
	GlobalSection(ExtensibilityGlobals) = postSolution
		SolutionGuid = {B7923FA0-C515-4476-99C0-308915932571}
	EndGlobalSection
EndGlobal
